Microsoft Visual Studio Solution File, Format Version 12.00
# Visual Studio Version 17
VisualStudioVersion = 17.5.2.0
MinimumVisualStudioVersion = 10.0.40219.1
Project("{FAE04EC0-301F-11D3-BF4B-00C04F79EFBC}") = "cursormon", "cursormon.csproj", "{79DE12AB-8749-1440-363D-3F9BF0268B65}"
EndProject
Global
	GlobalSection(SolutionConfigurationPlatforms) = preSolution
		Debug|Any CPU = Debug|Any CPU
		Release|Any CPU = Release|Any CPU
	EndGlobalSection
	GlobalSection(ProjectConfigurationPlatforms) = postSolution
		{79DE12AB-8749-1440-363D-3F9BF0268B65}.Debug|Any CPU.ActiveCfg = Debug|Any CPU
		{79DE12AB-8749-1440-363D-3F9BF0268B65}.Debug|Any CPU.Build.0 = Debug|Any CPU
		{79DE12AB-8749-1440-363D-3F9BF0268B65}.Release|Any CPU.ActiveCfg = Release|Any CPU
		{79DE12AB-8749-1440-363D-3F9BF0268B65}.Release|Any CPU.Build.0 = Release|Any CPU
	EndGlobalSection
	GlobalSection(SolutionProperties) = preSolution
		HideSolutionNode = FALSE
	EndGlobalSection
	GlobalSection(ExtensibilityGlobals) = postSolution
		SolutionGuid = {5F5458E2-5230-499A-B2B4-CFFA4193D1DF}
	EndGlobalSection
EndGlobal
